
Microsoft Visual Studio Solution File, Format Version 12.00
# Visual Studio Version 16
VisualStudioVersion = 16.0.29409.12
MinimumVisualStudioVersion = 10.0.40219.1
Project("{FAE04EC0-301F-11D3-BF4B-00C04F79EFBC}") = "MovieDBApp", "MovieDBApp\MovieDBApp\MovieDBApp.csproj", "{18B378C8-0608-43DD-9ABB-1A038916C98D}"
EndProject
Project("{FAE04EC0-301F-11D3-BF4B-00C04F79EFBC}") = "MovieDBApp.Android", "MovieDBApp\MovieDBApp.Android\MovieDBApp.Android.csproj", "{6FB35A92-73C4-4628-8EF4-95215D5D1AD3}"
EndProject
Global
	GlobalSection(SolutionConfigurationPlatforms) = preSolution
		Debug|Any CPU = Debug|Any CPU
		Release|Any CPU = Release|Any CPU
	EndGlobalSection
	GlobalSection(ProjectConfigurationPlatforms) = postSolution
		{18B378C8-0608-43DD-9ABB-1A038916C98D}.Debug|Any CPU.ActiveCfg = Debug|Any CPU
		{18B378C8-0608-43DD-9ABB-1A038916C98D}.Debug|Any CPU.Build.0 = Debug|Any CPU
		{18B378C8-0608-43DD-9ABB-1A038916C98D}.Release|Any CPU.ActiveCfg = Release|Any CPU
		{18B378C8-0608-43DD-9ABB-1A038916C98D}.Release|Any CPU.Build.0 = Release|Any CPU
		{6FB35A92-73C4-4628-8EF4-95215D5D1AD3}.Debug|Any CPU.ActiveCfg = Debug|Any CPU
		{6FB35A92-73C4-4628-8EF4-95215D5D1AD3}.Debug|Any CPU.Build.0 = Debug|Any CPU
		{6FB35A92-73C4-4628-8EF4-95215D5D1AD3}.Debug|Any CPU.Deploy.0 = Debug|Any CPU
		{6FB35A92-73C4-4628-8EF4-95215D5D1AD3}.Release|Any CPU.ActiveCfg = Release|Any CPU
		{6FB35A92-73C4-4628-8EF4-95215D5D1AD3}.Release|Any CPU.Build.0 = Release|Any CPU
		{6FB35A92-73C4-4628-8EF4-95215D5D1AD3}.Release|Any CPU.Deploy.0 = Release|Any CPU
	EndGlobalSection
	GlobalSection(SolutionProperties) = preSolution
		HideSolutionNode = FALSE
	EndGlobalSection
	GlobalSection(ExtensibilityGlobals) = postSolution
		SolutionGuid = {850245F4-4C7B-4022-87D0-A4ABE5619705}
	EndGlobalSection
EndGlobal
